lockfileVersion: '9.0'

settings:
  autoInstallPeers: true
  excludeLinksFromLockfile: false

importers:

  .:
    dependencies:
      '@beam/ax':
        specifier: github:yahiro07/synth-rd-2604#main&path:/beam/ax
        version: https://codeload.github.com/yahiro07/synth-rd-2604/tar.gz/d4af94984debe47edf0e43e1d64e40c8caaf29da#path:/beam/ax

packages:

  '@beam/ax@https://codeload.github.com/yahiro07/synth-rd-2604/tar.gz/d4af94984debe47edf0e43e1d64e40c8caaf29da#path:/beam/ax':
    resolution: {path: /beam/ax, tarball: https://codeload.github.com/yahiro07/synth-rd-2604/tar.gz/d4af94984debe47edf0e43e1d64e40c8caaf29da}
    version: 0.0.0

snapshots:

  '@beam/ax@https://codeload.github.com/yahiro07/synth-rd-2604/tar.gz/d4af94984debe47edf0e43e1d64e40c8caaf29da#path:/beam/ax': {}
